# This file is autogenerated, do not edit; changes may be undone by the next 'dep ensure'.


[[projects]]
  digest = "1:c06d9e11d955af78ac3bbb26bd02e01d2f61f689e1a3bce2ef6fb683ef8a7f2d"
  name = "github.com/alecthomas/kingpin"
  packages = ["."]
  pruneopts = "UT"
  revision = "947dcec5ba9c011838740e680966fd7087a71d0d"
  version = "v2.2.6"

[[projects]]
  branch = "master"
  digest = "1:315c5f2f60c76d89b871c73f9bd5fe689cad96597afd50fb9992228ef80bdd34"
  name = "github.com/alecthomas/template"
  packages = [
    ".",
    "parse",
  ]
  pruneopts = "UT"
  revision = "a0175ee3bccc567396460bf5acd36800cb10c49c"

[[projects]]
  branch = "master"
  digest = "1:c198fdc381e898e8fb62b8eb62758195091c313ad18e52a3067366e1dda2fb3c"
  name = "github.com/alecthomas/units"
  packages = ["."]
  pruneopts = "UT"
  revision = "2efee857e7cfd4f3d0138cc3cbb1b4966962b93a"

[[projects]]
  digest = "1:0ae91025d1858662b92289501e2a98b00ca77050e1240b57945a86427c669607"
  name = "github.com/ericchiang/k8s"
  packages = [
    ".",
    "apis/apiextensions/v1beta1",
    "apis/core/v1",
    "apis/meta/v1",
    "apis/resource",
    "runtime",
    "runtime/schema",
    "util/intstr",
    "watch/versioned",
  ]
  pruneopts = "UT"
  revision = "5912993f00cb7c971aaa54529a06bd3eecd6c3d4"
  version = "v1.0.0"

[[projects]]
  digest = "1:2cd7915ab26ede7d95b8749e6b1f933f1c6d5398030684e6505940a10f31cfda"
  name = "github.com/ghodss/yaml"
  packages = ["."]
  pruneopts = "UT"
  revision = "0ca9ea5df5451ffdf184b4428c902747c2c11cd7"
  version = "v1.0.0"

[[projects]]
  digest = "1:ffc060c551980d37ee9e428ef528ee2813137249ccebb0bfc412ef83071cac91"
  name = "github.com/golang/protobuf"
  packages = ["proto"]
  pruneopts = "UT"
  revision = "925541529c1fa6821df4e44ce2723319eb2be768"
  version = "v1.0.0"

[[projects]]
  digest = "1:9e9193aa51197513b3abcb108970d831fbcf40ef96aa845c4f03276e1fa316d2"
  name = "github.com/sirupsen/logrus"
  packages = ["."]
  pruneopts = "UT"
  revision = "c155da19408a8799da419ed3eeb0cb5db0ad5dbc"
  version = "v1.0.5"

[[projects]]
  branch = "master"
  digest = "1:3f3a05ae0b95893d90b9b3b5afdb79a9b3d96e4e36e099d841ae602e4aca0da8"
  name = "golang.org/x/crypto"
  packages = ["ssh/terminal"]
  pruneopts = "UT"
  revision = "182114d582623c1caa54f73de9c7224e23a48487"

[[projects]]
  branch = "master"
  digest = "1:e8003673b445a203b83c643175136f264149eaee4d8f379fafdb6273d83cf3f7"
  name = "golang.org/x/net"
  packages = [
    "http2",
    "http2/hpack",
    "idna",
    "lex/httplex",
  ]
  pruneopts = "UT"
  revision = "803fdb99c0f72e493c28ef2099d250a9c989d8ff"

[[projects]]
  branch = "master"
  digest = "1:2d7c05d864ede62b1172c9bcc539863411910c4a564b77429e18495a92fffac4"
  name = "golang.org/x/sys"
  packages = [
    "unix",
    "windows",
  ]
  pruneopts = "UT"
  revision = "8c0ece68c28377f4c326d85b94f8df0dace46f80"

[[projects]]
  digest = "1:a2ab62866c75542dd18d2b069fec854577a20211d7c0ea6ae746072a1dccdd18"
  name = "golang.org/x/text"
  packages = [
    "collate",
    "collate/build",
    "internal/colltab",
    "internal/gen",
    "internal/tag",
    "internal/triegen",
    "internal/ucd",
    "language",
    "secure/bidirule",
    "transform",
    "unicode/bidi",
    "unicode/cldr",
    "unicode/norm",
    "unicode/rangetable",
  ]
  pruneopts = "UT"
  revision = "f21a4dfb5e38f5895301dc265a8def02365cc3d0"
  version = "v0.3.0"

[[projects]]
  digest = "1:2a81c6e126d36ad027328cffaa4888fc3be40f09dc48028d1f93705b718130b9"
  name = "gopkg.in/yaml.v2"
  packages = ["."]
  pruneopts = "UT"
  revision = "7f97868eec74b32b0982dd158a51a446d1da7eb5"
  version = "v2.1.1"

[solve-meta]
  analyzer-name = "dep"
  analyzer-version = 1
  input-imports = [
    "github.com/alecthomas/kingpin",
    "github.com/ericchiang/k8s",
    "github.com/ericchiang/k8s/apis/core/v1",
    "github.com/ghodss/yaml",
    "github.com/sirupsen/logrus",
    "gopkg.in/yaml.v2",
  ]
  solver-name = "gps-cdcl"
  solver-version = 1
